
Microsoft Visual Studio Solution File, Format Version 12.00
# Visual Studio Version 17
VisualStudioVersion = 17.14.36908.2 d17.14
MinimumVisualStudioVersion = 10.0.40219.1
Project("{FAE04EC0-301F-11D3-BF4B-00C04F79EFBC}") = "Negocio", "Negocio\Negocio.csproj", "{1795E0AF-C1EA-4486-8E81-758BA2EFBEEB}"
EndProject
Project("{FAE04EC0-301F-11D3-BF4B-00C04F79EFBC}") = "Sistema_de_Clubes", "Sistema_de_Clubes\Sistema_de_Clubes.csproj", "{37C4C3B7-69D6-4768-A69E-ACA9B06D42CE}"
EndProject
Global
	GlobalSection(SolutionConfigurationPlatforms) = preSolution
		Debug|Any CPU = Debug|Any CPU
		Release|Any CPU = Release|Any CPU
	EndGlobalSection
	GlobalSection(ProjectConfigurationPlatforms) = postSolution
		{1795E0AF-C1EA-4486-8E81-758BA2EFBEEB}.Debug|Any CPU.ActiveCfg = Debug|Any CPU
		{1795E0AF-C1EA-4486-8E81-758BA2EFBEEB}.Debug|Any CPU.Build.0 = Debug|Any CPU
		{1795E0AF-C1EA-4486-8E81-758BA2EFBEEB}.Release|Any CPU.ActiveCfg = Release|Any CPU
		{1795E0AF-C1EA-4486-8E81-758BA2EFBEEB}.Release|Any CPU.Build.0 = Release|Any CPU
		{37C4C3B7-69D6-4768-A69E-ACA9B06D42CE}.Debug|Any CPU.ActiveCfg = Debug|Any CPU
		{37C4C3B7-69D6-4768-A69E-ACA9B06D42CE}.Debug|Any CPU.Build.0 = Debug|Any CPU
		{37C4C3B7-69D6-4768-A69E-ACA9B06D42CE}.Release|Any CPU.ActiveCfg = Release|Any CPU
		{37C4C3B7-69D6-4768-A69E-ACA9B06D42CE}.Release|Any CPU.Build.0 = Release|Any CPU
	EndGlobalSection
	GlobalSection(SolutionProperties) = preSolution
		HideSolutionNode = FALSE
	EndGlobalSection
	GlobalSection(ExtensibilityGlobals) = postSolution
		SolutionGuid = {D452060F-3744-4DFF-A155-4C953AFAA9C3}
	EndGlobalSection
EndGlobal
